// !$*UTF8*$!
{
	archiveVersion = 1;
	classes = {
	};
	objectVersion = 50;
	objects = {

/* Begin PBXBuildFile section */
		32DA4D242669719D000B719D /* AppDelegate.swift in Sources */ = {isa = PBXBuildFile; fileRef = 32DA4D232669719D000B719D /* AppDelegate.swift */; };
		32DA4D262669719D000B719D /* SceneDelegate.swift in Sources */ = {isa = PBXBuildFile; fileRef = 32DA4D252669719D000B719D /* SceneDelegate.swift */; };
		32DA4D282669719D000B719D /* ViewController.swift in Sources */ = {isa = PBXBuildFile; fileRef = 32DA4D272669719D000B719D /* ViewController.swift */; };
		32DA4D2B2669719D000B719D /* Main.storyboard in Resources */ = {isa = PBXBuildFile; fileRef = 32DA4D292669719D000B719D /* Main.storyboard */; };
		32DA4D2D266971A0000B719D /* Assets.xcassets in Resources */ = {isa = PBXBuildFile; fileRef = 32DA4D2C266971A0000B719D /* Assets.xcassets */; };
		32DA4D30266971A0000B719D /* LaunchScreen.storyboard in Resources */ = {isa = PBXBuildFile; fileRef = 32DA4D2E266971A0000B719D /* LaunchScreen.storyboard */; };
		32DA4D3B266971A0000B719D /* autolayout_studingTests.swift in Sources */ = {isa = PBXBuildFile; fileRef = 32DA4D3A266971A0000B719D /* autolayout_studingTests.swift */; };
		32DA4D46266971A0000B719D /* autolayout_studingUITests.swift in Sources */ = {isa = PBXBuildFile; fileRef = 32DA4D45266971A0000B719D /* autolayout_studingUITests.swift */; };
/* End PBXBuildFile section */

/* Begin PBXContainerItemProxy section */
		32DA4D37266971A0000B719D /* PBXContainerItemProxy */ = {
			isa = PBXContainerItemProxy;
			containerPortal = 32DA4D182669719D000B719D /* Project object */;
			proxyType = 1;
			remoteGlobalIDString = 32DA4D1F2669719D000B719D;
			remoteInfo = "autolayout-studing";
		};
		32DA4D42266971A0000B719D /* PBXContainerItemProxy */ = {
			isa = PBXContainerItemProxy;
			containerPortal = 32DA4D182669719D000B719D /* Project object */;
			proxyType = 1;
			remoteGlobalIDString = 32DA4D1F2669719D000B719D;
			remoteInfo = "autolayout-studing";
		};
/* End PBXContainerItemProxy section */

/* Begin PBXFileReference section */
		32DA4D202669719D000B719D /* autolayout-studing.app */ = {isa = PBXFileReference; explicitFileType = wrapper.application; includeInIndex = 0; path = "autolayout-studing.app"; sourceTree = BUILT_PRODUCTS_DIR; };
		32DA4D232669719D000B719D /* AppDelegate.swift */ = {isa = PBXFileReference; lastKnownFileType = sourcecode.swift; path = AppDelegate.swift; sourceTree = "<group>"; };
		32DA4D252669719D000B719D /* SceneDelegate.swift */ = {isa = PBXFileReference; lastKnownFileType = sourcecode.swift; path = SceneDelegate.swift; sourceTree = "<group>"; };
		32DA4D272669719D000B719D /* ViewController.swift */ = {isa = PBXFileReference; lastKnownFileType = sourcecode.swift; path = ViewController.swift; sourceTree = "<group>"; };
		32DA4D2A2669719D000B719D /* Base */ = {isa = PBXFileReference; lastKnownFileType = file.storyboard; name = Base; path = Base.lproj/Main.storyboard; sourceTree = "<group>"; };
		32DA4D2C266971A0000B719D /* Assets.xcassets */ = {isa = PBXFileReference; lastKnownFileType = folder.assetcatalog; path = Assets.xcassets; sourceTree = "<group>"; };
		32DA4D2F266971A0000B719D /* Base */ = {isa = PBXFileReference; lastKnownFileType = file.storyboard; name = Base; path = Base.lproj/LaunchScreen.storyboard; sourceTree = "<group>"; };
		32DA4D31266971A0000B719D /* Info.plist */ = {isa = PBXFileReference; lastKnownFileType = text.plist.xml; path = Info.plist; sourceTree = "<group>"; };
		32DA4D36266971A0000B719D /* autolayout-studingTests.xctest */ = {isa = PBXFileReference; explicitFileType = wrapper.cfbundle; includeInIndex = 0; path = "autolayout-studingTests.xctest"; sourceTree = BUILT_PRODUCTS_DIR; };
		32DA4D3A266971A0000B719D /* autolayout_studingTests.swift */ = {isa = PBXFileReference; lastKnownFileType = sourcecode.swift; path = autolayout_studingTests.swift; sourceTree = "<group>"; };
		32DA4D3C266971A0000B719D /* Info.plist */ = {isa = PBXFileReference; lastKnownFileType = text.plist.xml; path = Info.plist; sourceTree = "<group>"; };
		32DA4D41266971A0000B719D /* autolayout-studingUITests.xctest */ = {isa = PBXFileReference; explicitFileType = wrapper.cfbundle; includeInIndex = 0; path = "autolayout-studingUITests.xctest"; sourceTree = BUILT_PRODUCTS_DIR; };
		32DA4D45266971A0000B719D /* autolayout_studingUITests.swift */ = {isa = PBXFileReference; lastKnownFileType = sourcecode.swift; path = autolayout_studingUITests.swift; sourceTree = "<group>"; };
		32DA4D47266971A0000B719D /* Info.plist */ = {isa = PBXFileReference; lastKnownFileType = text.plist.xml; path = Info.plist; sourceTree = "<group>"; };
/* End PBXFileReference section */

/* Begin PBXFrameworksBuildPhase section */
		32DA4D1D2669719D000B719D /* Frameworks */ = {
			isa = PBXFrameworksBuildPhase;
			buildActionMask = 2147483647;
			files = (
			);
			runOnlyForDeploymentPostprocessing = 0;
		};
		32DA4D33266971A0000B719D /* Frameworks */ = {
			isa = PBXFrameworksBuildPhase;
			buildActionMask = 2147483647;
			files = (
			);
			runOnlyForDeploymentPostprocessing = 0;
		};
		32DA4D3E266971A0000B719D /* Frameworks */ = {
			isa = PBXFrameworksBuildPhase;
			buildActionMask = 2147483647;
			files = (
			);
			runOnlyForDeploymentPostprocessing = 0;
		};
/* End PBXFrameworksBuildPhase section */

/* Begin PBXGroup section */
		32DA4D172669719D000B719D = {
			isa = PBXGroup;
			children = (
				32DA4D222669719D000B719D /* autolayout-studing */,
				32DA4D39266971A0000B719D /* autolayout-studingTests */,
				32DA4D44266971A0000B719D /* autolayout-studingUITests */,
				32DA4D212669719D000B719D /* Products */,
			);
			sourceTree = "<group>";
		};
		32DA4D212669719D000B719D /* Products */ = {
			isa = PBXGroup;
			children = (
				32DA4D202669719D000B719D /* autolayout-studing.app */,
				32DA4D36266971A0000B719D /* autolayout-studingTests.xctest */,
				32DA4D41266971A0000B719D /* autolayout-studingUITests.xctest */,
			);
			name = Products;
			sourceTree = "<group>";
		};
		32DA4D222669719D000B719D /* autolayout-studing */ = {
			isa = PBXGroup;
			children = (
				32DA4D232669719D000B719D /* AppDelegate.swift */,
				32DA4D252669719D000B719D /* SceneDelegate.swift */,
				32DA4D272669719D000B719D /* ViewController.swift */,
				32DA4D292669719D000B719D /* Main.storyboard */,
				32DA4D2C266971A0000B719D /* Assets.xcassets */,
				32DA4D2E266971A0000B719D /* LaunchScreen.storyboard */,
				32DA4D31266971A0000B719D /* Info.plist */,
			);
			path = "autolayout-studing";
			sourceTree = "<group>";
		};
		32DA4D39266971A0000B719D /* autolayout-studingTests */ = {
			isa = PBXGroup;
			children = (
				32DA4D3A266971A0000B719D /* autolayout_studingTests.swift */,
				32DA4D3C266971A0000B719D /* Info.plist */,
			);
			path = "autolayout-studingTests";
			sourceTree = "<group>";
		};
		32DA4D44266971A0000B719D /* autolayout-studingUITests */ = {
			isa = PBXGroup;
			children = (
				32DA4D45266971A0000B719D /* autolayout_studingUITests.swift */,
				32DA4D47266971A0000B719D /* Info.plist */,
			);
			path = "autolayout-studingUITests";
			sourceTree = "<group>";
		};
/* End PBXGroup section */

/* Begin PBXNativeTarget section */
		32DA4D1F2669719D000B719D /* autolayout-studing */ = {
			isa = PBXNativeTarget;
			buildConfigurationList = 32DA4D4A266971A0000B719D /* Build configuration list for PBXNativeTarget "autolayout-studing" */;
			buildPhases = (
				32DA4D1C2669719D000B719D /* Sources */,
				32DA4D1D2669719D000B719D /* Frameworks */,
				32DA4D1E2669719D000B719D /* Resources */,
			);
			buildRules = (
			);
			dependencies = (
			);
			name = "autolayout-studing";
			productName = "autolayout-studing";
			productReference = 32DA4D202669719D000B719D /* autolayout-studing.app */;
			productType = "com.apple.product-type.application";
		};
		32DA4D35266971A0000B719D /* autolayout-studingTests */ = {
			isa = PBXNativeTarget;
			buildConfigurationList = 32DA4D4D266971A0000B719D /* Build configuration list for PBXNativeTarget "autolayout-studingTests" */;
			buildPhases = (
				32DA4D32266971A0000B719D /* Sources */,
				32DA4D33266971A0000B719D /* Frameworks */,
				32DA4D34266971A0000B719D /* Resources */,
			);
			buildRules = (
			);
			dependencies = (
				32DA4D38266971A0000B719D /* PBXTargetDependency */,
			);
			name = "autolayout-studingTests";
			productName = "autolayout-studingTests";
			productReference = 32DA4D36266971A0000B719D /* autolayout-studingTests.xctest */;
			productType = "com.apple.product-type.bundle.unit-test";
		};
		32DA4D40266971A0000B719D /* autolayout-studingUITests */ = {
			isa = PBXNativeTarget;
			buildConfigurationList = 32DA4D50266971A0000B719D /* Build configuration list for PBXNativeTarget "autolayout-studingUITests" */;
			buildPhases = (
				32DA4D3D266971A0000B719D /* Sources */,
				32DA4D3E266971A0000B719D /* Frameworks */,
				32DA4D3F266971A0000B719D /* Resources */,
			);
			buildRules = (
			);
			dependencies = (
				32DA4D43266971A0000B719D /* PBXTargetDependency */,
			);
			name = "autolayout-studingUITests";
			productName = "autolayout-studingUITests";
			productReference = 32DA4D41266971A0000B719D /* autolayout-studingUITests.xctest */;
			productType = "com.apple.product-type.bundle.ui-testing";
		};
/* End PBXNativeTarget section */

/* Begin PBXProject section */
		32DA4D182669719D000B719D /* Project object */ = {
			isa = PBXProject;
			attributes = {
				LastSwiftUpdateCheck = 1230;
				LastUpgradeCheck = 1230;
				TargetAttributes = {
					32DA4D1F2669719D000B719D = {
						CreatedOnToolsVersion = 12.3;
					};
					32DA4D35266971A0000B719D = {
						CreatedOnToolsVersion = 12.3;
						TestTargetID = 32DA4D1F2669719D000B719D;
					};
					32DA4D40266971A0000B719D = {
						CreatedOnToolsVersion = 12.3;
						TestTargetID = 32DA4D1F2669719D000B719D;
					};
				};
			};
			buildConfigurationList = 32DA4D1B2669719D000B719D /* Build configuration list for PBXProject "autolayout-studing" */;
			compatibilityVersion = "Xcode 9.3";
			developmentRegion = en;
			hasScannedForEncodings = 0;
			knownRegions = (
				en,
				Base,
			);
			mainGroup = 32DA4D172669719D000B719D;
			productRefGroup = 32DA4D212669719D000B719D /* Products */;
			projectDirPath = "";
			projectRoot = "";
			targets = (
				32DA4D1F2669719D000B719D /* autolayout-studing */,
				32DA4D35266971A0000B719D /* autolayout-studingTests */,
				32DA4D40266971A0000B719D /* autolayout-studingUITests */,
			);
		};
/* End PBXProject section */

/* Begin PBXResourcesBuildPhase section */
		32DA4D1E2669719D000B719D /* Resources */ = {
			isa = PBXResourcesBuildPhase;
			buildActionMask = 2147483647;
			files = (
				32DA4D30266971A0000B719D /* LaunchScreen.storyboard in Resources */,
				32DA4D2D266971A0000B719D /* Assets.xcassets in Resources */,
				32DA4D2B2669719D000B719D /* Main.storyboard in Resources */,
			);
			runOnlyForDeploymentPostprocessing = 0;
		};
		32DA4D34266971A0000B719D /* Resources */ = {
			isa = PBXResourcesBuildPhase;
			buildActionMask = 2147483647;
			files = (
			);
			runOnlyForDeploymentPostprocessing = 0;
		};
		32DA4D3F266971A0000B719D /* Resources */ = {
			isa = PBXResourcesBuildPhase;
			buildActionMask = 2147483647;
			files = (
			);
			runOnlyForDeploymentPostprocessing = 0;
		};
/* End PBXResourcesBuildPhase section */

/* Begin PBXSourcesBuildPhase section */
		32DA4D1C2669719D000B719D /* Sources */ = {
			isa = PBXSourcesBuildPhase;
			buildActionMask = 2147483647;
			files = (
				32DA4D282669719D000B719D /* ViewController.swift in Sources */,
				32DA4D242669719D000B719D /* AppDelegate.swift in Sources */,
				32DA4D262669719D000B719D /* SceneDelegate.swift in Sources */,
			);
			runOnlyForDeploymentPostprocessing = 0;
		};
		32DA4D32266971A0000B719D /* Sources */ = {
			isa = PBXSourcesBuildPhase;
			buildActionMask = 2147483647;
			files = (
				32DA4D3B266971A0000B719D /* autolayout_studingTests.swift in Sources */,
			);
			runOnlyForDeploymentPostprocessing = 0;
		};
		32DA4D3D266971A0000B719D /* Sources */ = {
			isa = PBXSourcesBuildPhase;
			buildActionMask = 2147483647;
			files = (
				32DA4D46266971A0000B719D /* autolayout_studingUITests.swift in Sources */,
			);
			runOnlyForDeploymentPostprocessing = 0;
		};
/* End PBXSourcesBuildPhase section */

/* Begin PBXTargetDependency section */
		32DA4D38266971A0000B719D /* PBXTargetDependency */ = {
			isa = PBXTargetDependency;
			target = 32DA4D1F2669719D000B719D /* autolayout-studing */;
			targetProxy = 32DA4D37266971A0000B719D /* PBXContainerItemProxy */;
		};
		32DA4D43266971A0000B719D /* PBXTargetDependency */ = {
			isa = PBXTargetDependency;
			target = 32DA4D1F2669719D000B719D /* autolayout-studing */;
			targetProxy = 32DA4D42266971A0000B719D /* PBXContainerItemProxy */;
		};
/* End PBXTargetDependency section */

/* Begin PBXVariantGroup section */
		32DA4D292669719D000B719D /* Main.storyboard */ = {
			isa = PBXVariantGroup;
			children = (
				32DA4D2A2669719D000B719D /* Base */,
			);
			name = Main.storyboard;
			sourceTree = "<group>";
		};
		32DA4D2E266971A0000B719D /* LaunchScreen.storyboard */ = {
			isa = PBXVariantGroup;
			children = (
				32DA4D2F266971A0000B719D /* Base */,
			);
			name = LaunchScreen.storyboard;
			sourceTree = "<group>";
		};
/* End PBXVariantGroup section */

/* Begin XCBuildConfiguration section */
		32DA4D48266971A0000B719D /* Debug */ = {
			isa = XCBuildConfiguration;
			buildSettings = {
				ALWAYS_SEARCH_USER_PATHS = NO;
				CLANG_ANALYZER_NONNULL = YES;
				CLANG_ANALYZER_NUMBER_OBJECT_CONVERSION = YES_AGGRESSIVE;
				CLANG_CXX_LANGUAGE_STANDARD = "gnu++14";
				CLANG_CXX_LIBRARY = "libc++";
				CLANG_ENABLE_MODULES = YES;
				CLANG_ENABLE_OBJC_ARC = YES;
				CLANG_ENABLE_OBJC_WEAK = YES;
				CLANG_WARN_BLOCK_CAPTURE_AUTORELEASING = YES;
				CLANG_WARN_BOOL_CONVERSION = YES;
				CLANG_WARN_COMMA = YES;
				CLANG_WARN_CONSTANT_CONVERSION = YES;
				CLANG_WARN_DEPRECATED_OBJC_IMPLEMENTATIONS = YES;
				CLANG_WARN_DIRECT_OBJC_ISA_USAGE = YES_ERROR;
				CLANG_WARN_DOCUMENTATION_COMMENTS = YES;
				CLANG_WARN_EMPTY_BODY = YES;
				CLANG_WARN_ENUM_CONVERSION = YES;
				CLANG_WARN_INFINITE_RECURSION = YES;
				CLANG_WARN_INT_CONVERSION = YES;
				CLANG_WARN_NON_LITERAL_NULL_CONVERSION = YES;
				CLANG_WARN_OBJC_IMPLICIT_RETAIN_SELF = YES;
				CLANG_WARN_OBJC_LITERAL_CONVERSION = YES;
				CLANG_WARN_OBJC_ROOT_CLASS = YES_ERROR;
				CLANG_WARN_QUOTED_INCLUDE_IN_FRAMEWORK_HEADER = YES;
				CLANG_WARN_RANGE_LOOP_ANALYSIS = YES;
				CLANG_WARN_STRICT_PROTOTYPES = YES;
				CLANG_WARN_SUSPICIOUS_MOVE = YES;
				CLANG_WARN_UNGUARDED_AVAILABILITY = YES_AGGRESSIVE;
				CLANG_WARN_UNREACHABLE_CODE = YES;
				CLANG_WARN__DUPLICATE_METHOD_MATCH = YES;
				COPY_PHASE_STRIP = NO;
				DEBUG_INFORMATION_FORMAT = dwarf;
				ENABLE_STRICT_OBJC_MSGSEND = YES;
				ENABLE_TESTABILITY = YES;
				GCC_C_LANGUAGE_STANDARD = gnu11;
				GCC_DYNAMIC_NO_PIC = NO;
				GCC_NO_COMMON_BLOCKS = YES;
				GCC_OPTIMIZATION_LEVEL = 0;
				GCC_PREPROCESSOR_DEFINITIONS = (
					"DEBUG=1",
					"$(inherited)",
				);
				GCC_WARN_64_TO_32_BIT_CONVERSION = YES;
				GCC_WARN_ABOUT_RETURN_TYPE = YES_ERROR;
				GCC_WARN_UNDECLARED_SELECTOR = YES;
				GCC_WARN_UNINITIALIZED_AUTOS = YES_AGGRESSIVE;
				GCC_WARN_UNUSED_FUNCTION = YES;
				GCC_WARN_UNUSED_VARIABLE = YES;
				IPHONEOS_DEPLOYMENT_TARGET = 14.3;
				MTL_ENABLE_DEBUG_INFO = INCLUDE_SOURCE;
				MTL_FAST_MATH = YES;
				ONLY_ACTIVE_ARCH = YES;
				SDKROOT = iphoneos;
				SWIFT_ACTIVE_COMPILATION_CONDITIONS = DEBUG;
				SWIFT_OPTIMIZATION_LEVEL = "-Onone";
			};
			name = Debug;
		};
		32DA4D49266971A0000B719D /* Release */ = {
			isa = XCBuildConfiguration;
			buildSettings = {
				ALWAYS_SEARCH_USER_PATHS = NO;
				CLANG_ANALYZER_NONNULL = YES;
				CLANG_ANALYZER_NUMBER_OBJECT_CONVERSION = YES_AGGRESSIVE;
				CLANG_CXX_LANGUAGE_STANDARD = "gnu++14";
				CLANG_CXX_LIBRARY = "libc++";
				CLANG_ENABLE_MODULES = YES;
				CLANG_ENABLE_OBJC_ARC = YES;
				CLANG_ENABLE_OBJC_WEAK = YES;
				CLANG_WARN_BLOCK_CAPTURE_AUTORELEASING = YES;
				CLANG_WARN_BOOL_CONVERSION = YES;
				CLANG_WARN_COMMA = YES;
				CLANG_WARN_CONSTANT_CONVERSION = YES;
				CLANG_WARN_DEPRECATED_OBJC_IMPLEMENTATIONS = YES;
				CLANG_WARN_DIRECT_OBJC_ISA_USAGE = YES_ERROR;
				CLANG_WARN_DOCUMENTATION_COMMENTS = YES;
				CLANG_WARN_EMPTY_BODY = YES;
				CLANG_WARN_ENUM_CONVERSION = YES;
				CLANG_WARN_INFINITE_RECURSION = YES;
				CLANG_WARN_INT_CONVERSION = YES;
				CLANG_WARN_NON_LITERAL_NULL_CONVERSION = YES;
				CLANG_WARN_OBJC_IMPLICIT_RETAIN_SELF = YES;
				CLANG_WARN_OBJC_LITERAL_CONVERSION = YES;
				CLANG_WARN_OBJC_ROOT_CLASS = YES_ERROR;
				CLANG_WARN_QUOTED_INCLUDE_IN_FRAMEWORK_HEADER = YES;
				CLANG_WARN_RANGE_LOOP_ANALYSIS = YES;
				CLANG_WARN_STRICT_PROTOTYPES = YES;
				CLANG_WARN_SUSPICIOUS_MOVE = YES;
				CLANG_WARN_UNGUARDED_AVAILABILITY = YES_AGGRESSIVE;
				CLANG_WARN_UNREACHABLE_CODE = YES;
				CLANG_WARN__DUPLICATE_METHOD_MATCH = YES;
				COPY_PHASE_STRIP = NO;
				DEBUG_INFORMATION_FORMAT = "dwarf-with-dsym";
				ENABLE_NS_ASSERTIONS = NO;
				ENABLE_STRICT_OBJC_MSGSEND = YES;
				GCC_C_LANGUAGE_STANDARD = gnu11;
				GCC_NO_COMMON_BLOCKS = YES;
				GCC_WARN_64_TO_32_BIT_CONVERSION = YES;
				GCC_WARN_ABOUT_RETURN_TYPE = YES_ERROR;
				GCC_WARN_UNDECLARED_SELECTOR = YES;
				GCC_WARN_UNINITIALIZED_AUTOS = YES_AGGRESSIVE;
				GCC_WARN_UNUSED_FUNCTION = YES;
				GCC_WARN_UNUSED_VARIABLE = YES;
				IPHONEOS_DEPLOYMENT_TARGET = 14.3;
				MTL_ENABLE_DEBUG_INFO = NO;
				MTL_FAST_MATH = YES;
				SDKROOT = iphoneos;
				SWIFT_COMPILATION_MODE = wholemodule;
				SWIFT_OPTIMIZATION_LEVEL = "-O";
				VALIDATE_PRODUCT = YES;
			};
			name = Release;
		};
		32DA4D4B266971A0000B719D /* Debug */ = {
			isa = XCBuildConfiguration;
			buildSettings = {
				ASSETCATALOG_COMPILER_APPICON_NAME = AppIcon;
				ASSETCATALOG_COMPILER_GLOBAL_ACCENT_COLOR_NAME = AccentColor;
				CODE_SIGN_STYLE = Automatic;
				INFOPLIST_FILE = "autolayout-studing/Info.plist";
				LD_RUNPATH_SEARCH_PATHS = (
					"$(inherited)",
					"@executable_path/Frameworks",
				);
				PRODUCT_BUNDLE_IDENTIFIER = "com.gabrielantunes.autolayout-studing";
				PRODUCT_NAME = "$(TARGET_NAME)";
				SWIFT_VERSION = 5.0;
				TARGETED_DEVICE_FAMILY = "1,2";
			};
			name = Debug;
		};
		32DA4D4C266971A0000B719D /* Release */ = {
			isa = XCBuildConfiguration;
			buildSettings = {
				ASSETCATALOG_COMPILER_APPICON_NAME = AppIcon;
				ASSETCATALOG_COMPILER_GLOBAL_ACCENT_COLOR_NAME = AccentColor;
				CODE_SIGN_STYLE = Automatic;
				INFOPLIST_FILE = "autolayout-studing/Info.plist";
				LD_RUNPATH_SEARCH_PATHS = (
					"$(inherited)",
					"@executable_path/Frameworks",
				);
				PRODUCT_BUNDLE_IDENTIFIER = "com.gabrielantunes.autolayout-studing";
				PRODUCT_NAME = "$(TARGET_NAME)";
				SWIFT_VERSION = 5.0;
				TARGETED_DEVICE_FAMILY = "1,2";
			};
			name = Release;
		};
		32DA4D4E266971A0000B719D /* Debug */ = {
			isa = XCBuildConfiguration;
			buildSettings = {
				ALWAYS_EMBED_SWIFT_STANDARD_LIBRARIES = YES;
				BUNDLE_LOADER = "$(TEST_HOST)";
				CODE_SIGN_STYLE = Automatic;
				INFOPLIST_FILE = "autolayout-studingTests/Info.plist";
				IPHONEOS_DEPLOYMENT_TARGET = 14.3;
				LD_RUNPATH_SEARCH_PATHS = (
					"$(inherited)",
					"@executable_path/Frameworks",
					"@loader_path/Frameworks",
				);
				PRODUCT_BUNDLE_IDENTIFIER = "com.gabrielantunes.autolayout-studingTests";
				PRODUCT_NAME = "$(TARGET_NAME)";
				SWIFT_VERSION = 5.0;
				TARGETED_DEVICE_FAMILY = "1,2";
				TEST_HOST = "$(BUILT_PRODUCTS_DIR)/autolayout-studing.app/autolayout-studing";
			};
			name = Debug;
		};
		32DA4D4F266971A0000B719D /* Release */ = {
			isa = XCBuildConfiguration;
			buildSettings = {
				ALWAYS_EMBED_SWIFT_STANDARD_LIBRARIES = YES;
				BUNDLE_LOADER = "$(TEST_HOST)";
				CODE_SIGN_STYLE = Automatic;
				INFOPLIST_FILE = "autolayout-studingTests/Info.plist";
				IPHONEOS_DEPLOYMENT_TARGET = 14.3;
				LD_RUNPATH_SEARCH_PATHS = (
					"$(inherited)",
					"@executable_path/Frameworks",
					"@loader_path/Frameworks",
				);
				PRODUCT_BUNDLE_IDENTIFIER = "com.gabrielantunes.autolayout-studingTests";
				PRODUCT_NAME = "$(TARGET_NAME)";
				SWIFT_VERSION = 5.0;
				TARGETED_DEVICE_FAMILY = "1,2";
				TEST_HOST = "$(BUILT_PRODUCTS_DIR)/autolayout-studing.app/autolayout-studing";
			};
			name = Release;
		};
		32DA4D51266971A0000B719D /* Debug */ = {
			isa = XCBuildConfiguration;
			buildSettings = {
				ALWAYS_EMBED_SWIFT_STANDARD_LIBRARIES = YES;
				CODE_SIGN_STYLE = Automatic;
				INFOPLIST_FILE = "autolayout-studingUITests/Info.plist";
				LD_RUNPATH_SEARCH_PATHS = (
					"$(inherited)",
					"@executable_path/Frameworks",
					"@loader_path/Frameworks",
				);
				PRODUCT_BUNDLE_IDENTIFIER = "com.gabrielantunes.autolayout-studingUITests";
				PRODUCT_NAME = "$(TARGET_NAME)";
				SWIFT_VERSION = 5.0;
				TARGETED_DEVICE_FAMILY = "1,2";
				TEST_TARGET_NAME = "autolayout-studing";
			};
			name = Debug;
		};
		32DA4D52266971A0000B719D /* Release */ = {
			isa = XCBuildConfiguration;
			buildSettings = {
				ALWAYS_EMBED_SWIFT_STANDARD_LIBRARIES = YES;
				CODE_SIGN_STYLE = Automatic;
				INFOPLIST_FILE = "autolayout-studingUITests/Info.plist";
				LD_RUNPATH_SEARCH_PATHS = (
					"$(inherited)",
					"@executable_path/Frameworks",
					"@loader_path/Frameworks",
				);
				PRODUCT_BUNDLE_IDENTIFIER = "com.gabrielantunes.autolayout-studingUITests";
				PRODUCT_NAME = "$(TARGET_NAME)";
				SWIFT_VERSION = 5.0;
				TARGETED_DEVICE_FAMILY = "1,2";
				TEST_TARGET_NAME = "autolayout-studing";
			};
			name = Release;
		};
/* End XCBuildConfiguration section */

/* Begin XCConfigurationList section */
		32DA4D1B2669719D000B719D /* Build configuration list for PBXProject "autolayout-studing" */ = {
			isa = XCConfigurationList;
			buildConfigurations = (
				32DA4D48266971A0000B719D /* Debug */,
				32DA4D49266971A0000B719D /* Release */,
			);
			defaultConfigurationIsVisible = 0;
			defaultConfigurationName = Release;
		};
		32DA4D4A266971A0000B719D /* Build configuration list for PBXNativeTarget "autolayout-studing" */ = {
			isa = XCConfigurationList;
			buildConfigurations = (
				32DA4D4B266971A0000B719D /* Debug */,
				32DA4D4C266971A0000B719D /* Release */,
			);
			defaultConfigurationIsVisible = 0;
			defaultConfigurationName = Release;
		};
		32DA4D4D266971A0000B719D /* Build configuration list for PBXNativeTarget "autolayout-studingTests" */ = {
			isa = XCConfigurationList;
			buildConfigurations = (
				32DA4D4E266971A0000B719D /* Debug */,
				32DA4D4F266971A0000B719D /* Release */,
			);
			defaultConfigurationIsVisible = 0;
			defaultConfigurationName = Release;
		};
		32DA4D50266971A0000B719D /* Build configuration list for PBXNativeTarget "autolayout-studingUITests" */ = {
			isa = XCConfigurationList;
			buildConfigurations = (
				32DA4D51266971A0000B719D /* Debug */,
				32DA4D52266971A0000B719D /* Release */,
			);
			defaultConfigurationIsVisible = 0;
			defaultConfigurationName = Release;
		};
/* End XCConfigurationList section */
	};
	rootObject = 32DA4D182669719D000B719D /* Project object */;
}
